// !$*UTF8*$!
{
	archiveVersion = 1;
	classes = {
	};
	objectVersion = 50;
	objects = {

/* Begin PBXBuildFile section */
		286056B524EC76AA0031B607 /* AppDelegate.swift in Sources */ = {isa = PBXBuildFile; fileRef = 286056B424EC76AA0031B607 /* AppDelegate.swift */; };
		286056BE24EC76AB0031B607 /* Assets.xcassets in Resources */ = {isa = PBXBuildFile; fileRef = 286056BD24EC76AB0031B607 /* Assets.xcassets */; };
		286056C124EC76AB0031B607 /* LaunchScreen.storyboard in Resources */ = {isa = PBXBuildFile; fileRef = 286056BF24EC76AB0031B607 /* LaunchScreen.storyboard */; };
		286056CC24EC76AB0031B607 /* Moneybox_LightTests.swift in Sources */ = {isa = PBXBuildFile; fileRef = 286056CB24EC76AB0031B607 /* Moneybox_LightTests.swift */; };
		286056DC24EC7AE50031B607 /* UserAccountsViewController.swift in Sources */ = {isa = PBXBuildFile; fileRef = 286056DA24EC7AE50031B607 /* UserAccountsViewController.swift */; };
		286056DD24EC7AE50031B607 /* UserAccountsViewController.xib in Resources */ = {isa = PBXBuildFile; fileRef = 286056DB24EC7AE50031B607 /* UserAccountsViewController.xib */; };
		286056E024EC7AF90031B607 /* IndividualAccountViewController.swift in Sources */ = {isa = PBXBuildFile; fileRef = 286056DE24EC7AF90031B607 /* IndividualAccountViewController.swift */; };
		286056E124EC7AF90031B607 /* IndividualAccountViewController.xib in Resources */ = {isa = PBXBuildFile; fileRef = 286056DF24EC7AF90031B607 /* IndividualAccountViewController.xib */; };
		286056E424EC7B0B0031B607 /* LoginViewController.swift in Sources */ = {isa = PBXBuildFile; fileRef = 286056E224EC7B0B0031B607 /* LoginViewController.swift */; };
		286056E524EC7B0B0031B607 /* LoginViewController.xib in Resources */ = {isa = PBXBuildFile; fileRef = 286056E324EC7B0B0031B607 /* LoginViewController.xib */; };
		286056E824EC7E9D0031B607 /* BaseViewController.swift in Sources */ = {isa = PBXBuildFile; fileRef = 286056E724EC7E9D0031B607 /* BaseViewController.swift */; };
		286056EC24EC7F0B0031B607 /* LoginPresenter.swift in Sources */ = {isa = PBXBuildFile; fileRef = 286056EB24EC7F0B0031B607 /* LoginPresenter.swift */; };
		286056EE24EC7F1F0031B607 /* UserAccountsPresenter.swift in Sources */ = {isa = PBXBuildFile; fileRef = 286056ED24EC7F1F0031B607 /* UserAccountsPresenter.swift */; };
		286056F024EC7F310031B607 /* IndividualAccountPresenter.swift in Sources */ = {isa = PBXBuildFile; fileRef = 286056EF24EC7F310031B607 /* IndividualAccountPresenter.swift */; };
		286056F224EC7F600031B607 /* LoginContract.swift in Sources */ = {isa = PBXBuildFile; fileRef = 286056F124EC7F600031B607 /* LoginContract.swift */; };
		286056F424EC7F920031B607 /* UserAccountsContract.swift in Sources */ = {isa = PBXBuildFile; fileRef = 286056F324EC7F920031B607 /* UserAccountsContract.swift */; };
		286056F624EC7FC50031B607 /* IndividualAccountContract.swift in Sources */ = {isa = PBXBuildFile; fileRef = 286056F524EC7FC50031B607 /* IndividualAccountContract.swift */; };
		286056F824EC80AD0031B607 /* DataAccessObject.swift in Sources */ = {isa = PBXBuildFile; fileRef = 286056F724EC80AD0031B607 /* DataAccessObject.swift */; };
		286056FA24EC81900031B607 /* Localisable.strings in Resources */ = {isa = PBXBuildFile; fileRef = 286056F924EC81900031B607 /* Localisable.strings */; };
		286056FC24EC81E70031B607 /* CustomNavigationController.swift in Sources */ = {isa = PBXBuildFile; fileRef = 286056FB24EC81E70031B607 /* CustomNavigationController.swift */; };
		2860570024EC88380031B607 /* AccountTableViewCell.swift in Sources */ = {isa = PBXBuildFile; fileRef = 286056FE24EC88380031B607 /* AccountTableViewCell.swift */; };
		2860570124EC88380031B607 /* AccountTableViewCell.xib in Resources */ = {isa = PBXBuildFile; fileRef = 286056FF24EC88380031B607 /* AccountTableViewCell.xib */; };
		2860570424EC88780031B607 /* LoginButton.swift in Sources */ = {isa = PBXBuildFile; fileRef = 2860570324EC88780031B607 /* LoginButton.swift */; };
		2860570624EC88960031B607 /* LoginTextField.swift in Sources */ = {isa = PBXBuildFile; fileRef = 2860570524EC88960031B607 /* LoginTextField.swift */; };
		2860570924EC88F70031B607 /* ArrowView.swift in Sources */ = {isa = PBXBuildFile; fileRef = 2860570824EC88F70031B607 /* ArrowView.swift */; };
		2860570C24EC89C70031B607 /* PaymentButton.swift in Sources */ = {isa = PBXBuildFile; fileRef = 2860570B24EC89C70031B607 /* PaymentButton.swift */; };
		28A37E9424ED53220053539A /* UIColor+Additions.swift in Sources */ = {isa = PBXBuildFile; fileRef = 28A37E9324ED53220053539A /* UIColor+Additions.swift */; };
		28A37ED824ED94570053539A /* Account.swift in Sources */ = {isa = PBXBuildFile; fileRef = 28A37ED724ED94570053539A /* Account.swift */; };
		28A37EDA24EDA36A0053539A /* AlertController.swift in Sources */ = {isa = PBXBuildFile; fileRef = 28A37ED924EDA36A0053539A /* AlertController.swift */; };
		28A37EDC24EDA93F0053539A /* UIView+Additions.swift in Sources */ = {isa = PBXBuildFile; fileRef = 28A37EDB24EDA93F0053539A /* UIView+Additions.swift */; };
		28A37EDE24EDB1DB0053539A /* Localisable.swift in Sources */ = {isa = PBXBuildFile; fileRef = 28A37EDD24EDB1DB0053539A /* Localisable.swift */; };
		28A37EE024EDB90E0053539A /* Environment.swift in Sources */ = {isa = PBXBuildFile; fileRef = 28A37EDF24EDB90E0053539A /* Environment.swift */; };
		28A37EE224EDBA030053539A /* LoginResponse.swift in Sources */ = {isa = PBXBuildFile; fileRef = 28A37EE124EDBA030053539A /* LoginResponse.swift */; };
		28A37EE424EDCD2B0053539A /* MoneyboxURLBuilder.swift in Sources */ = {isa = PBXBuildFile; fileRef = 28A37EE324EDCD2B0053539A /* MoneyboxURLBuilder.swift */; };
		28A37EE624EDE6FB0053539A /* AccountsResponse.swift in Sources */ = {isa = PBXBuildFile; fileRef = 28A37EE524EDE6FB0053539A /* AccountsResponse.swift */; };
		28A37EE824EDE7370053539A /* PaymentResponse.swift in Sources */ = {isa = PBXBuildFile; fileRef = 28A37EE724EDE7370053539A /* PaymentResponse.swift */; };
		28A37EEA24EDE7540053539A /* User.swift in Sources */ = {isa = PBXBuildFile; fileRef = 28A37EE924EDE7540053539A /* User.swift */; };
		28A37EEC24EDE7680053539A /* Session.swift in Sources */ = {isa = PBXBuildFile; fileRef = 28A37EEB24EDE7680053539A /* Session.swift */; };
		28A37EEE24EDE7850053539A /* ProductResponse.swift in Sources */ = {isa = PBXBuildFile; fileRef = 28A37EED24EDE7850053539A /* ProductResponse.swift */; };
		28A37EF024EDE7970053539A /* Product.swift in Sources */ = {isa = PBXBuildFile; fileRef = 28A37EEF24EDE7970053539A /* Product.swift */; };
		C4BA3C3D8C00C2B9D9E1588E /* Pods_Moneybox_Light.framework in Frameworks */ = {isa = PBXBuildFile; fileRef = 762257E2A33EFF8ADA69B83F /* Pods_Moneybox_Light.framework */; };
		CFCE624800489D6B7F0A06CE /* Pods_Moneybox_LightTests.framework in Frameworks */ = {isa = PBXBuildFile; fileRef = DAF771F4DEE72B31C6E3989F /* Pods_Moneybox_LightTests.framework */; };
/* End PBXBuildFile section */

/* Begin PBXContainerItemProxy section */
		286056C824EC76AB0031B607 /* PBXContainerItemProxy */ = {
			isa = PBXContainerItemProxy;
			containerPortal = 286056A924EC76AA0031B607 /* Project object */;
			proxyType = 1;
			remoteGlobalIDString = 286056B024EC76AA0031B607;
			remoteInfo = "Moneybox-Light";
		};
/* End PBXContainerItemProxy section */

/* Begin PBXFileReference section */
		286056B124EC76AA0031B607 /* Moneybox-Light.app */ = {isa = PBXFileReference; explicitFileType = wrapper.application; includeInIndex = 0; path = "Moneybox-Light.app"; sourceTree = BUILT_PRODUCTS_DIR; };
		286056B424EC76AA0031B607 /* AppDelegate.swift */ = {isa = PBXFileReference; lastKnownFileType = sourcecode.swift; path = AppDelegate.swift; sourceTree = "<group>"; };
		286056BD24EC76AB0031B607 /* Assets.xcassets */ = {isa = PBXFileReference; lastKnownFileType = folder.assetcatalog; path = Assets.xcassets; sourceTree = "<group>"; };
		286056C024EC76AB0031B607 /* Base */ = {isa = PBXFileReference; lastKnownFileType = file.storyboard; name = Base; path = Base.lproj/LaunchScreen.storyboard; sourceTree = "<group>"; };
		286056C224EC76AB0031B607 /* Info.plist */ = {isa = PBXFileReference; lastKnownFileType = text.plist.xml; path = Info.plist; sourceTree = "<group>"; };
		286056C724EC76AB0031B607 /* Moneybox-LightTests.xctest */ = {isa = PBXFileReference; explicitFileType = wrapper.cfbundle; includeInIndex = 0; path = "Moneybox-LightTests.xctest"; sourceTree = BUILT_PRODUCTS_DIR; };
		286056CB24EC76AB0031B607 /* Moneybox_LightTests.swift */ = {isa = PBXFileReference; lastKnownFileType = sourcecode.swift; path = Moneybox_LightTests.swift; sourceTree = "<group>"; };
		286056CD24EC76AB0031B607 /* Info.plist */ = {isa = PBXFileReference; lastKnownFileType = text.plist.xml; path = Info.plist; sourceTree = "<group>"; };
		286056DA24EC7AE50031B607 /* UserAccountsViewController.swift */ = {isa = PBXFileReference; lastKnownFileType = sourcecode.swift; path = UserAccountsViewController.swift; sourceTree = "<group>"; };
		286056DB24EC7AE50031B607 /* UserAccountsViewController.xib */ = {isa = PBXFileReference; lastKnownFileType = file.xib; path = UserAccountsViewController.xib; sourceTree = "<group>"; };
		286056DE24EC7AF90031B607 /* IndividualAccountViewController.swift */ = {isa = PBXFileReference; lastKnownFileType = sourcecode.swift; path = IndividualAccountViewController.swift; sourceTree = "<group>"; };
		286056DF24EC7AF90031B607 /* IndividualAccountViewController.xib */ = {isa = PBXFileReference; lastKnownFileType = file.xib; path = IndividualAccountViewController.xib; sourceTree = "<group>"; };
		286056E224EC7B0B0031B607 /* LoginViewController.swift */ = {isa = PBXFileReference; lastKnownFileType = sourcecode.swift; path = LoginViewController.swift; sourceTree = "<group>"; };
		286056E324EC7B0B0031B607 /* LoginViewController.xib */ = {isa = PBXFileReference; lastKnownFileType = file.xib; path = LoginViewController.xib; sourceTree = "<group>"; };
		286056E724EC7E9D0031B607 /* BaseViewController.swift */ = {isa = PBXFileReference; lastKnownFileType = sourcecode.swift; path = BaseViewController.swift; sourceTree = "<group>"; };
		286056EB24EC7F0B0031B607 /* LoginPresenter.swift */ = {isa = PBXFileReference; lastKnownFileType = sourcecode.swift; path = LoginPresenter.swift; sourceTree = "<group>"; };
		286056ED24EC7F1F0031B607 /* UserAccountsPresenter.swift */ = {isa = PBXFileReference; lastKnownFileType = sourcecode.swift; path = UserAccountsPresenter.swift; sourceTree = "<group>"; };
		286056EF24EC7F310031B607 /* IndividualAccountPresenter.swift */ = {isa = PBXFileReference; lastKnownFileType = sourcecode.swift; path = IndividualAccountPresenter.swift; sourceTree = "<group>"; };
		286056F124EC7F600031B607 /* LoginContract.swift */ = {isa = PBXFileReference; lastKnownFileType = sourcecode.swift; path = LoginContract.swift; sourceTree = "<group>"; };
		286056F324EC7F920031B607 /* UserAccountsContract.swift */ = {isa = PBXFileReference; lastKnownFileType = sourcecode.swift; path = UserAccountsContract.swift; sourceTree = "<group>"; };
		286056F524EC7FC50031B607 /* IndividualAccountContract.swift */ = {isa = PBXFileReference; lastKnownFileType = sourcecode.swift; path = IndividualAccountContract.swift; sourceTree = "<group>"; };
		286056F724EC80AD0031B607 /* DataAccessObject.swift */ = {isa = PBXFileReference; lastKnownFileType = sourcecode.swift; path = DataAccessObject.swift; sourceTree = "<group>"; };
		286056F924EC81900031B607 /* Localisable.strings */ = {isa = PBXFileReference; lastKnownFileType = text.plist.strings; path = Localisable.strings; sourceTree = "<group>"; };
		286056FB24EC81E70031B607 /* CustomNavigationController.swift */ = {isa = PBXFileReference; lastKnownFileType = sourcecode.swift; path = CustomNavigationController.swift; sourceTree = "<group>"; };
		286056FE24EC88380031B607 /* AccountTableViewCell.swift */ = {isa = PBXFileReference; lastKnownFileType = sourcecode.swift; path = AccountTableViewCell.swift; sourceTree = "<group>"; };
		286056FF24EC88380031B607 /* AccountTableViewCell.xib */ = {isa = PBXFileReference; lastKnownFileType = file.xib; path = AccountTableViewCell.xib; sourceTree = "<group>"; };
		2860570324EC88780031B607 /* LoginButton.swift */ = {isa = PBXFileReference; lastKnownFileType = sourcecode.swift; path = LoginButton.swift; sourceTree = "<group>"; };
		2860570524EC88960031B607 /* LoginTextField.swift */ = {isa = PBXFileReference; lastKnownFileType = sourcecode.swift; path = LoginTextField.swift; sourceTree = "<group>"; };
		2860570824EC88F70031B607 /* ArrowView.swift */ = {isa = PBXFileReference; lastKnownFileType = sourcecode.swift; path = ArrowView.swift; sourceTree = "<group>"; };
		2860570B24EC89C70031B607 /* PaymentButton.swift */ = {isa = PBXFileReference; lastKnownFileType = sourcecode.swift; path = PaymentButton.swift; sourceTree = "<group>"; };
		28A37E9324ED53220053539A /* UIColor+Additions.swift */ = {isa = PBXFileReference; lastKnownFileType = sourcecode.swift; path = "UIColor+Additions.swift"; sourceTree = "<group>"; };
		28A37ED724ED94570053539A /* Account.swift */ = {isa = PBXFileReference; lastKnownFileType = sourcecode.swift; path = Account.swift; sourceTree = "<group>"; };
		28A37ED924EDA36A0053539A /* AlertController.swift */ = {isa = PBXFileReference; lastKnownFileType = sourcecode.swift; path = AlertController.swift; sourceTree = "<group>"; };
		28A37EDB24EDA93F0053539A /* UIView+Additions.swift */ = {isa = PBXFileReference; lastKnownFileType = sourcecode.swift; path = "UIView+Additions.swift"; sourceTree = "<group>"; };
		28A37EDD24EDB1DB0053539A /* Localisable.swift */ = {isa = PBXFileReference; lastKnownFileType = sourcecode.swift; path = Localisable.swift; sourceTree = "<group>"; };
		28A37EDF24EDB90E0053539A /* Environment.swift */ = {isa = PBXFileReference; lastKnownFileType = sourcecode.swift; path = Environment.swift; sourceTree = "<group>"; };
		28A37EE124EDBA030053539A /* LoginResponse.swift */ = {isa = PBXFileReference; lastKnownFileType = sourcecode.swift; path = LoginResponse.swift; sourceTree = "<group>"; };
		28A37EE324EDCD2B0053539A /* MoneyboxURLBuilder.swift */ = {isa = PBXFileReference; lastKnownFileType = sourcecode.swift; path = MoneyboxURLBuilder.swift; sourceTree = "<group>"; };
		28A37EE524EDE6FB0053539A /* AccountsResponse.swift */ = {isa = PBXFileReference; lastKnownFileType = sourcecode.swift; path = AccountsResponse.swift; sourceTree = "<group>"; };
		28A37EE724EDE7370053539A /* PaymentResponse.swift */ = {isa = PBXFileReference; lastKnownFileType = sourcecode.swift; path = PaymentResponse.swift; sourceTree = "<group>"; };
		28A37EE924EDE7540053539A /* User.swift */ = {isa = PBXFileReference; lastKnownFileType = sourcecode.swift; path = User.swift; sourceTree = "<group>"; };
		28A37EEB24EDE7680053539A /* Session.swift */ = {isa = PBXFileReference; lastKnownFileType = sourcecode.swift; path = Session.swift; sourceTree = "<group>"; };
		28A37EED24EDE7850053539A /* ProductResponse.swift */ = {isa = PBXFileReference; lastKnownFileType = sourcecode.swift; path = ProductResponse.swift; sourceTree = "<group>"; };
		28A37EEF24EDE7970053539A /* Product.swift */ = {isa = PBXFileReference; lastKnownFileType = sourcecode.swift; path = Product.swift; sourceTree = "<group>"; };
		665D5E5C93E6F3F87026DB4C /* Pods-Moneybox-LightTests.debug.xcconfig */ = {isa = PBXFileReference; includeInIndex = 1; lastKnownFileType = text.xcconfig; name = "Pods-Moneybox-LightTests.debug.xcconfig"; path = "Target Support Files/Pods-Moneybox-LightTests/Pods-Moneybox-LightTests.debug.xcconfig"; sourceTree = "<group>"; };
		762257E2A33EFF8ADA69B83F /* Pods_Moneybox_Light.framework */ = {isa = PBXFileReference; explicitFileType = wrapper.framework; includeInIndex = 0; path = Pods_Moneybox_Light.framework; sourceTree = BUILT_PRODUCTS_DIR; };
		9715EDF6CE1FCFE80C0DCFC6 /* Pods-Moneybox-Light.debug.xcconfig */ = {isa = PBXFileReference; includeInIndex = 1; lastKnownFileType = text.xcconfig; name = "Pods-Moneybox-Light.debug.xcconfig"; path = "Target Support Files/Pods-Moneybox-Light/Pods-Moneybox-Light.debug.xcconfig"; sourceTree = "<group>"; };
		A41FA69A5BE077D47F914A0D /* Pods-Moneybox-Light.release.xcconfig */ = {isa = PBXFileReference; includeInIndex = 1; lastKnownFileType = text.xcconfig; name = "Pods-Moneybox-Light.release.xcconfig"; path = "Target Support Files/Pods-Moneybox-Light/Pods-Moneybox-Light.release.xcconfig"; sourceTree = "<group>"; };
		B649BDF225FD98DAA91FB19A /* Pods-Moneybox-LightTests.release.xcconfig */ = {isa = PBXFileReference; includeInIndex = 1; lastKnownFileType = text.xcconfig; name = "Pods-Moneybox-LightTests.release.xcconfig"; path = "Target Support Files/Pods-Moneybox-LightTests/Pods-Moneybox-LightTests.release.xcconfig"; sourceTree = "<group>"; };
		DAF771F4DEE72B31C6E3989F /* Pods_Moneybox_LightTests.framework */ = {isa = PBXFileReference; explicitFileType = wrapper.framework; includeInIndex = 0; path = Pods_Moneybox_LightTests.framework; sourceTree = BUILT_PRODUCTS_DIR; };
/* End PBXFileReference section */

/* Begin PBXFrameworksBuildPhase section */
		286056AE24EC76AA0031B607 /* Frameworks */ = {
			isa = PBXFrameworksBuildPhase;
			buildActionMask = 2147483647;
			files = (
				C4BA3C3D8C00C2B9D9E1588E /* Pods_Moneybox_Light.framework in Frameworks */,
			);
			runOnlyForDeploymentPostprocessing = 0;
		};
		286056C424EC76AB0031B607 /* Frameworks */ = {
			isa = PBXFrameworksBuildPhase;
			buildActionMask = 2147483647;
			files = (
				CFCE624800489D6B7F0A06CE /* Pods_Moneybox_LightTests.framework in Frameworks */,
			);
			runOnlyForDeploymentPostprocessing = 0;
		};
/* End PBXFrameworksBuildPhase section */

/* Begin PBXGroup section */
		286056A824EC76AA0031B607 = {
			isa = PBXGroup;
			children = (
				286056B324EC76AA0031B607 /* Moneybox-Light */,
				286056CA24EC76AB0031B607 /* Moneybox-LightTests */,
				286056B224EC76AA0031B607 /* Products */,
				E370F4FC7A87F797D041F432 /* Pods */,
				D6456F9118167C58A966D83B /* Frameworks */,
			);
			sourceTree = "<group>";
		};
		286056B224EC76AA0031B607 /* Products */ = {
			isa = PBXGroup;
			children = (
				286056B124EC76AA0031B607 /* Moneybox-Light.app */,
				286056C724EC76AB0031B607 /* Moneybox-LightTests.xctest */,
			);
			name = Products;
			sourceTree = "<group>";
		};
		286056B324EC76AA0031B607 /* Moneybox-Light */ = {
			isa = PBXGroup;
			children = (
				286056C224EC76AB0031B607 /* Info.plist */,
				286056BD24EC76AB0031B607 /* Assets.xcassets */,
				286056F924EC81900031B607 /* Localisable.strings */,
				286056BF24EC76AB0031B607 /* LaunchScreen.storyboard */,
				286056B424EC76AA0031B607 /* AppDelegate.swift */,
				28A37E9224ED53060053539A /* Extensions */,
				286056E924EC7ED30031B607 /* Utils */,
				286056EA24EC7EE40031B607 /* Models */,
				286056D624EC7A820031B607 /* UI */,
			);
			path = "Moneybox-Light";
			sourceTree = "<group>";
		};
		286056CA24EC76AB0031B607 /* Moneybox-LightTests */ = {
			isa = PBXGroup;
			children = (
				286056CB24EC76AB0031B607 /* Moneybox_LightTests.swift */,
				286056CD24EC76AB0031B607 /* Info.plist */,
			);
			path = "Moneybox-LightTests";
			sourceTree = "<group>";
		};
		286056D624EC7A820031B607 /* UI */ = {
			isa = PBXGroup;
			children = (
				286056E624EC7E780031B607 /* Shared */,
				286056D724EC7A9D0031B607 /* Login Screen */,
				286056D824EC7AA50031B607 /* User Accounts Screen */,
				286056D924EC7AAE0031B607 /* Individual Account Screen */,
			);
			path = UI;
			sourceTree = "<group>";
		};
		286056D724EC7A9D0031B607 /* Login Screen */ = {
			isa = PBXGroup;
			children = (
				286056F124EC7F600031B607 /* LoginContract.swift */,
				286056EB24EC7F0B0031B607 /* LoginPresenter.swift */,
				286056E224EC7B0B0031B607 /* LoginViewController.swift */,
				286056E324EC7B0B0031B607 /* LoginViewController.xib */,
				2860570224EC884D0031B607 /* Components */,
			);
			path = "Login Screen";
			sourceTree = "<group>";
		};
		286056D824EC7AA50031B607 /* User Accounts Screen */ = {
			isa = PBXGroup;
			children = (
				286056F324EC7F920031B607 /* UserAccountsContract.swift */,
				286056ED24EC7F1F0031B607 /* UserAccountsPresenter.swift */,
				286056DA24EC7AE50031B607 /* UserAccountsViewController.swift */,
				286056DB24EC7AE50031B607 /* UserAccountsViewController.xib */,
				286056FD24EC880B0031B607 /* Components */,
			);
			path = "User Accounts Screen";
			sourceTree = "<group>";
		};
		286056D924EC7AAE0031B607 /* Individual Account Screen */ = {
			isa = PBXGroup;
			children = (
				286056F524EC7FC50031B607 /* IndividualAccountContract.swift */,
				286056EF24EC7F310031B607 /* IndividualAccountPresenter.swift */,
				286056DE24EC7AF90031B607 /* IndividualAccountViewController.swift */,
				286056DF24EC7AF90031B607 /* IndividualAccountViewController.xib */,
				2860570A24EC890B0031B607 /* Components */,
			);
			path = "Individual Account Screen";
			sourceTree = "<group>";
		};
		286056E624EC7E780031B607 /* Shared */ = {
			isa = PBXGroup;
			children = (
				286056E724EC7E9D0031B607 /* BaseViewController.swift */,
				286056FB24EC81E70031B607 /* CustomNavigationController.swift */,
				2860570824EC88F70031B607 /* ArrowView.swift */,
			);
			path = Shared;
			sourceTree = "<group>";
		};
		286056E924EC7ED30031B607 /* Utils */ = {
			isa = PBXGroup;
			children = (
				28A37EDF24EDB90E0053539A /* Environment.swift */,
				286056F724EC80AD0031B607 /* DataAccessObject.swift */,
				28A37EE324EDCD2B0053539A /* MoneyboxURLBuilder.swift */,
				28A37ED924EDA36A0053539A /* AlertController.swift */,
				28A37EDD24EDB1DB0053539A /* Localisable.swift */,
			);
			path = Utils;
			sourceTree = "<group>";
		};
		286056EA24EC7EE40031B607 /* Models */ = {
			isa = PBXGroup;
			children = (
				28A37ED724ED94570053539A /* Account.swift */,
				28A37EE124EDBA030053539A /* LoginResponse.swift */,
				28A37EE924EDE7540053539A /* User.swift */,
				28A37EEB24EDE7680053539A /* Session.swift */,
				28A37EE524EDE6FB0053539A /* AccountsResponse.swift */,
				28A37EED24EDE7850053539A /* ProductResponse.swift */,
				28A37EE724EDE7370053539A /* PaymentResponse.swift */,
				28A37EEF24EDE7970053539A /* Product.swift */,
			);
			path = Models;
			sourceTree = "<group>";
		};
		286056FD24EC880B0031B607 /* Components */ = {
			isa = PBXGroup;
			children = (
				2860570724EC88D60031B607 /* Account Cell */,
			);
			path = Components;
			sourceTree = "<group>";
		};
		2860570224EC884D0031B607 /* Components */ = {
			isa = PBXGroup;
			children = (
				2860570524EC88960031B607 /* LoginTextField.swift */,
				2860570324EC88780031B607 /* LoginButton.swift */,
			);
			path = Components;
			sourceTree = "<group>";
		};
		2860570724EC88D60031B607 /* Account Cell */ = {
			isa = PBXGroup;
			children = (
				286056FE24EC88380031B607 /* AccountTableViewCell.swift */,
				286056FF24EC88380031B607 /* AccountTableViewCell.xib */,
			);
			path = "Account Cell";
			sourceTree = "<group>";
		};
		2860570A24EC890B0031B607 /* Components */ = {
			isa = PBXGroup;
			children = (
				2860570B24EC89C70031B607 /* PaymentButton.swift */,
			);
			path = Components;
			sourceTree = "<group>";
		};
		28A37E9224ED53060053539A /* Extensions */ = {
			isa = PBXGroup;
			children = (
				28A37EDB24EDA93F0053539A /* UIView+Additions.swift */,
				28A37E9324ED53220053539A /* UIColor+Additions.swift */,
			);
			path = Extensions;
			sourceTree = "<group>";
		};
		D6456F9118167C58A966D83B /* Frameworks */ = {
			isa = PBXGroup;
			children = (
				762257E2A33EFF8ADA69B83F /* Pods_Moneybox_Light.framework */,
				DAF771F4DEE72B31C6E3989F /* Pods_Moneybox_LightTests.framework */,
			);
			name = Frameworks;
			sourceTree = "<group>";
		};
		E370F4FC7A87F797D041F432 /* Pods */ = {
			isa = PBXGroup;
			children = (
				9715EDF6CE1FCFE80C0DCFC6 /* Pods-Moneybox-Light.debug.xcconfig */,
				A41FA69A5BE077D47F914A0D /* Pods-Moneybox-Light.release.xcconfig */,
				665D5E5C93E6F3F87026DB4C /* Pods-Moneybox-LightTests.debug.xcconfig */,
				B649BDF225FD98DAA91FB19A /* Pods-Moneybox-LightTests.release.xcconfig */,
			);
			name = Pods;
			path = Pods;
			sourceTree = "<group>";
		};
/* End PBXGroup section */

/* Begin PBXNativeTarget section */
		286056B024EC76AA0031B607 /* Moneybox-Light */ = {
			isa = PBXNativeTarget;
			buildConfigurationList = 286056D024EC76AB0031B607 /* Build configuration list for PBXNativeTarget "Moneybox-Light" */;
			buildPhases = (
				171BC9B678D91F9B71F8A31D /* [CP] Check Pods Manifest.lock */,
				286056AD24EC76AA0031B607 /* Sources */,
				286056AE24EC76AA0031B607 /* Frameworks */,
				286056AF24EC76AA0031B607 /* Resources */,
				A707D3142929DA3074FF3343 /* [CP] Embed Pods Frameworks */,
			);
			buildRules = (
			);
			dependencies = (
			);
			name = "Moneybox-Light";
			productName = "Moneybox-Light";
			productReference = 286056B124EC76AA0031B607 /* Moneybox-Light.app */;
			productType = "com.apple.product-type.application";
		};
		286056C624EC76AB0031B607 /* Moneybox-LightTests */ = {
			isa = PBXNativeTarget;
			buildConfigurationList = 286056D324EC76AB0031B607 /* Build configuration list for PBXNativeTarget "Moneybox-LightTests" */;
			buildPhases = (
				25973741E9ABE54091963D0B /* [CP] Check Pods Manifest.lock */,
				286056C324EC76AB0031B607 /* Sources */,
				286056C424EC76AB0031B607 /* Frameworks */,
				286056C524EC76AB0031B607 /* Resources */,
			);
			buildRules = (
			);
			dependencies = (
				286056C924EC76AB0031B607 /* PBXTargetDependency */,
			);
			name = "Moneybox-LightTests";
			productName = "Moneybox-LightTests";
			productReference = 286056C724EC76AB0031B607 /* Moneybox-LightTests.xctest */;
			productType = "com.apple.product-type.bundle.unit-test";
		};
/* End PBXNativeTarget section */

/* Begin PBXProject section */
		286056A924EC76AA0031B607 /* Project object */ = {
			isa = PBXProject;
			attributes = {
				LastSwiftUpdateCheck = 1130;
				LastUpgradeCheck = 1130;
				ORGANIZATIONNAME = "Pete Holdsworth";
				TargetAttributes = {
					286056B024EC76AA0031B607 = {
						CreatedOnToolsVersion = 11.3.1;
					};
					286056C624EC76AB0031B607 = {
						CreatedOnToolsVersion = 11.3.1;
						TestTargetID = 286056B024EC76AA0031B607;
					};
				};
			};
			buildConfigurationList = 286056AC24EC76AA0031B607 /* Build configuration list for PBXProject "Moneybox-Light" */;
			compatibilityVersion = "Xcode 9.3";
			developmentRegion = en;
			hasScannedForEncodings = 0;
			knownRegions = (
				en,
				Base,
			);
			mainGroup = 286056A824EC76AA0031B607;
			productRefGroup = 286056B224EC76AA0031B607 /* Products */;
			projectDirPath = "";
			projectRoot = "";
			targets = (
				286056B024EC76AA0031B607 /* Moneybox-Light */,
				286056C624EC76AB0031B607 /* Moneybox-LightTests */,
			);
		};
/* End PBXProject section */

/* Begin PBXResourcesBuildPhase section */
		286056AF24EC76AA0031B607 /* Resources */ = {
			isa = PBXResourcesBuildPhase;
			buildActionMask = 2147483647;
			files = (
				286056E524EC7B0B0031B607 /* LoginViewController.xib in Resources */,
				286056C124EC76AB0031B607 /* LaunchScreen.storyboard in Resources */,
				286056E124EC7AF90031B607 /* IndividualAccountViewController.xib in Resources */,
				286056BE24EC76AB0031B607 /* Assets.xcassets in Resources */,
				286056FA24EC81900031B607 /* Localisable.strings in Resources */,
				2860570124EC88380031B607 /* AccountTableViewCell.xib in Resources */,
				286056DD24EC7AE50031B607 /* UserAccountsViewController.xib in Resources */,
			);
			runOnlyForDeploymentPostprocessing = 0;
		};
		286056C524EC76AB0031B607 /* Resources */ = {
			isa = PBXResourcesBuildPhase;
			buildActionMask = 2147483647;
			files = (
			);
			runOnlyForDeploymentPostprocessing = 0;
		};
/* End PBXResourcesBuildPhase section */

/* Begin PBXShellScriptBuildPhase section */
		171BC9B678D91F9B71F8A31D /* [CP] Check Pods Manifest.lock */ = {
			isa = PBXShellScriptBuildPhase;
			buildActionMask = 2147483647;
			files = (
			);
			inputFileListPaths = (
			);
			inputPaths = (
				"${PODS_PODFILE_DIR_PATH}/Podfile.lock",
				"${PODS_ROOT}/Manifest.lock",
			);
			name = "[CP] Check Pods Manifest.lock";
			outputFileListPaths = (
			);
			outputPaths = (
				"$(DERIVED_FILE_DIR)/Pods-Moneybox-Light-checkManifestLockResult.txt",
			);
			runOnlyForDeploymentPostprocessing = 0;
			shellPath = /bin/sh;
			shellScript = "diff \"${PODS_PODFILE_DIR_PATH}/Podfile.lock\" \"${PODS_ROOT}/Manifest.lock\" > /dev/null\nif [ $? != 0 ] ; then\n    # print error to STDERR\n    echo \"error: The sandbox is not in sync with the Podfile.lock. Run 'pod install' or update your CocoaPods installation.\" >&2\n    exit 1\nfi\n# This output is used by Xcode 'outputs' to avoid re-running this script phase.\necho \"SUCCESS\" > \"${SCRIPT_OUTPUT_FILE_0}\"\n";
			showEnvVarsInLog = 0;
		};
		25973741E9ABE54091963D0B /* [CP] Check Pods Manifest.lock */ = {
			isa = PBXShellScriptBuildPhase;
			buildActionMask = 2147483647;
			files = (
			);
			inputFileListPaths = (
			);
			inputPaths = (
				"${PODS_PODFILE_DIR_PATH}/Podfile.lock",
				"${PODS_ROOT}/Manifest.lock",
			);
			name = "[CP] Check Pods Manifest.lock";
			outputFileListPaths = (
			);
			outputPaths = (
				"$(DERIVED_FILE_DIR)/Pods-Moneybox-LightTests-checkManifestLockResult.txt",
			);
			runOnlyForDeploymentPostprocessing = 0;
			shellPath = /bin/sh;
			shellScript = "diff \"${PODS_PODFILE_DIR_PATH}/Podfile.lock\" \"${PODS_ROOT}/Manifest.lock\" > /dev/null\nif [ $? != 0 ] ; then\n    # print error to STDERR\n    echo \"error: The sandbox is not in sync with the Podfile.lock. Run 'pod install' or update your CocoaPods installation.\" >&2\n    exit 1\nfi\n# This output is used by Xcode 'outputs' to avoid re-running this script phase.\necho \"SUCCESS\" > \"${SCRIPT_OUTPUT_FILE_0}\"\n";
			showEnvVarsInLog = 0;
		};
		A707D3142929DA3074FF3343 /* [CP] Embed Pods Frameworks */ = {
			isa = PBXShellScriptBuildPhase;
			buildActionMask = 2147483647;
			files = (
			);
			inputFileListPaths = (
				"${PODS_ROOT}/Target Support Files/Pods-Moneybox-Light/Pods-Moneybox-Light-frameworks-${CONFIGURATION}-input-files.xcfilelist",
			);
			name = "[CP] Embed Pods Frameworks";
			outputFileListPaths = (
				"${PODS_ROOT}/Target Support Files/Pods-Moneybox-Light/Pods-Moneybox-Light-frameworks-${CONFIGURATION}-output-files.xcfilelist",
			);
			runOnlyForDeploymentPostprocessing = 0;
			shellPath = /bin/sh;
			shellScript = "\"${PODS_ROOT}/Target Support Files/Pods-Moneybox-Light/Pods-Moneybox-Light-frameworks.sh\"\n";
			showEnvVarsInLog = 0;
		};
/* End PBXShellScriptBuildPhase section */

/* Begin PBXSourcesBuildPhase section */
		286056AD24EC76AA0031B607 /* Sources */ = {
			isa = PBXSourcesBuildPhase;
			buildActionMask = 2147483647;
			files = (
				2860570C24EC89C70031B607 /* PaymentButton.swift in Sources */,
				28A37EE024EDB90E0053539A /* Environment.swift in Sources */,
				28A37EDE24EDB1DB0053539A /* Localisable.swift in Sources */,
				286056EC24EC7F0B0031B607 /* LoginPresenter.swift in Sources */,
				2860570624EC88960031B607 /* LoginTextField.swift in Sources */,
				286056F624EC7FC50031B607 /* IndividualAccountContract.swift in Sources */,
				28A37EDC24EDA93F0053539A /* UIView+Additions.swift in Sources */,
				28A37EDA24EDA36A0053539A /* AlertController.swift in Sources */,
				28A37EEA24EDE7540053539A /* User.swift in Sources */,
				28A37EF024EDE7970053539A /* Product.swift in Sources */,
				286056E824EC7E9D0031B607 /* BaseViewController.swift in Sources */,
				28A37EE824EDE7370053539A /* PaymentResponse.swift in Sources */,
				28A37ED824ED94570053539A /* Account.swift in Sources */,
				28A37EE424EDCD2B0053539A /* MoneyboxURLBuilder.swift in Sources */,
				28A37E9424ED53220053539A /* UIColor+Additions.swift in Sources */,
				286056F024EC7F310031B607 /* IndividualAccountPresenter.swift in Sources */,
				286056EE24EC7F1F0031B607 /* UserAccountsPresenter.swift in Sources */,
				286056F224EC7F600031B607 /* LoginContract.swift in Sources */,
				28A37EE224EDBA030053539A /* LoginResponse.swift in Sources */,
				286056E424EC7B0B0031B607 /* LoginViewController.swift in Sources */,
				2860570924EC88F70031B607 /* ArrowView.swift in Sources */,
				28A37EEC24EDE7680053539A /* Session.swift in Sources */,
				286056F424EC7F920031B607 /* UserAccountsContract.swift in Sources */,
				286056F824EC80AD0031B607 /* DataAccessObject.swift in Sources */,
				28A37EEE24EDE7850053539A /* ProductResponse.swift in Sources */,
				286056DC24EC7AE50031B607 /* UserAccountsViewController.swift in Sources */,
				2860570424EC88780031B607 /* LoginButton.swift in Sources */,
				286056E024EC7AF90031B607 /* IndividualAccountViewController.swift in Sources */,
				2860570024EC88380031B607 /* AccountTableViewCell.swift in Sources */,
				28A37EE624EDE6FB0053539A /* AccountsResponse.swift in Sources */,
				286056B524EC76AA0031B607 /* AppDelegate.swift in Sources */,
				286056FC24EC81E70031B607 /* CustomNavigationController.swift in Sources */,
			);
			runOnlyForDeploymentPostprocessing = 0;
		};
		286056C324EC76AB0031B607 /* Sources */ = {
			isa = PBXSourcesBuildPhase;
			buildActionMask = 2147483647;
			files = (
				286056CC24EC76AB0031B607 /* Moneybox_LightTests.swift in Sources */,
			);
			runOnlyForDeploymentPostprocessing = 0;
		};
/* End PBXSourcesBuildPhase section */

/* Begin PBXTargetDependency section */
		286056C924EC76AB0031B607 /* PBXTargetDependency */ = {
			isa = PBXTargetDependency;
			target = 286056B024EC76AA0031B607 /* Moneybox-Light */;
			targetProxy = 286056C824EC76AB0031B607 /* PBXContainerItemProxy */;
		};
/* End PBXTargetDependency section */

/* Begin PBXVariantGroup section */
		286056BF24EC76AB0031B607 /* LaunchScreen.storyboard */ = {
			isa = PBXVariantGroup;
			children = (
				286056C024EC76AB0031B607 /* Base */,
			);
			name = LaunchScreen.storyboard;
			sourceTree = "<group>";
		};
/* End PBXVariantGroup section */

/* Begin XCBuildConfiguration section */
		286056CE24EC76AB0031B607 /* Debug */ = {
			isa = XCBuildConfiguration;
			buildSettings = {
				ALWAYS_SEARCH_USER_PATHS = NO;
				CLANG_ANALYZER_NONNULL = YES;
				CLANG_ANALYZER_NUMBER_OBJECT_CONVERSION = YES_AGGRESSIVE;
				CLANG_CXX_LANGUAGE_STANDARD = "gnu++14";
				CLANG_CXX_LIBRARY = "libc++";
				CLANG_ENABLE_MODULES = YES;
				CLANG_ENABLE_OBJC_ARC = YES;
				CLANG_ENABLE_OBJC_WEAK = YES;
				CLANG_WARN_BLOCK_CAPTURE_AUTORELEASING = YES;
				CLANG_WARN_BOOL_CONVERSION = YES;
				CLANG_WARN_COMMA = YES;
				CLANG_WARN_CONSTANT_CONVERSION = YES;
				CLANG_WARN_DEPRECATED_OBJC_IMPLEMENTATIONS = YES;
				CLANG_WARN_DIRECT_OBJC_ISA_USAGE = YES_ERROR;
				CLANG_WARN_DOCUMENTATION_COMMENTS = YES;
				CLANG_WARN_EMPTY_BODY = YES;
				CLANG_WARN_ENUM_CONVERSION = YES;
				CLANG_WARN_INFINITE_RECURSION = YES;
				CLANG_WARN_INT_CONVERSION = YES;
				CLANG_WARN_NON_LITERAL_NULL_CONVERSION = YES;
				CLANG_WARN_OBJC_IMPLICIT_RETAIN_SELF = YES;
				CLANG_WARN_OBJC_LITERAL_CONVERSION = YES;
				CLANG_WARN_OBJC_ROOT_CLASS = YES_ERROR;
				CLANG_WARN_RANGE_LOOP_ANALYSIS = YES;
				CLANG_WARN_STRICT_PROTOTYPES = YES;
				CLANG_WARN_SUSPICIOUS_MOVE = YES;
				CLANG_WARN_UNGUARDED_AVAILABILITY = YES_AGGRESSIVE;
				CLANG_WARN_UNREACHABLE_CODE = YES;
				CLANG_WARN__DUPLICATE_METHOD_MATCH = YES;
				COPY_PHASE_STRIP = NO;
				DEBUG_INFORMATION_FORMAT = dwarf;
				ENABLE_STRICT_OBJC_MSGSEND = YES;
				ENABLE_TESTABILITY = YES;
				GCC_C_LANGUAGE_STANDARD = gnu11;
				GCC_DYNAMIC_NO_PIC = NO;
				GCC_NO_COMMON_BLOCKS = YES;
				GCC_OPTIMIZATION_LEVEL = 0;
				GCC_PREPROCESSOR_DEFINITIONS = (
					"DEBUG=1",
					"$(inherited)",
				);
				GCC_WARN_64_TO_32_BIT_CONVERSION = YES;
				GCC_WARN_ABOUT_RETURN_TYPE = YES_ERROR;
				GCC_WARN_UNDECLARED_SELECTOR = YES;
				GCC_WARN_UNINITIALIZED_AUTOS = YES_AGGRESSIVE;
				GCC_WARN_UNUSED_FUNCTION = YES;
				GCC_WARN_UNUSED_VARIABLE = YES;
				IPHONEOS_DEPLOYMENT_TARGET = 13.2;
				MTL_ENABLE_DEBUG_INFO = INCLUDE_SOURCE;
				MTL_FAST_MATH = YES;
				ONLY_ACTIVE_ARCH = YES;
				SDKROOT = iphoneos;
				SWIFT_ACTIVE_COMPILATION_CONDITIONS = DEBUG;
				SWIFT_OPTIMIZATION_LEVEL = "-Onone";
			};
			name = Debug;
		};
		286056CF24EC76AB0031B607 /* Release */ = {
			isa = XCBuildConfiguration;
			buildSettings = {
				ALWAYS_SEARCH_USER_PATHS = NO;
				CLANG_ANALYZER_NONNULL = YES;
				CLANG_ANALYZER_NUMBER_OBJECT_CONVERSION = YES_AGGRESSIVE;
				CLANG_CXX_LANGUAGE_STANDARD = "gnu++14";
				CLANG_CXX_LIBRARY = "libc++";
				CLANG_ENABLE_MODULES = YES;
				CLANG_ENABLE_OBJC_ARC = YES;
				CLANG_ENABLE_OBJC_WEAK = YES;
				CLANG_WARN_BLOCK_CAPTURE_AUTORELEASING = YES;
				CLANG_WARN_BOOL_CONVERSION = YES;
				CLANG_WARN_COMMA = YES;
				CLANG_WARN_CONSTANT_CONVERSION = YES;
				CLANG_WARN_DEPRECATED_OBJC_IMPLEMENTATIONS = YES;
				CLANG_WARN_DIRECT_OBJC_ISA_USAGE = YES_ERROR;
				CLANG_WARN_DOCUMENTATION_COMMENTS = YES;
				CLANG_WARN_EMPTY_BODY = YES;
				CLANG_WARN_ENUM_CONVERSION = YES;
				CLANG_WARN_INFINITE_RECURSION = YES;
				CLANG_WARN_INT_CONVERSION = YES;
				CLANG_WARN_NON_LITERAL_NULL_CONVERSION = YES;
				CLANG_WARN_OBJC_IMPLICIT_RETAIN_SELF = YES;
				CLANG_WARN_OBJC_LITERAL_CONVERSION = YES;
				CLANG_WARN_OBJC_ROOT_CLASS = YES_ERROR;
				CLANG_WARN_RANGE_LOOP_ANALYSIS = YES;
				CLANG_WARN_STRICT_PROTOTYPES = YES;
				CLANG_WARN_SUSPICIOUS_MOVE = YES;
				CLANG_WARN_UNGUARDED_AVAILABILITY = YES_AGGRESSIVE;
				CLANG_WARN_UNREACHABLE_CODE = YES;
				CLANG_WARN__DUPLICATE_METHOD_MATCH = YES;
				COPY_PHASE_STRIP = NO;
				DEBUG_INFORMATION_FORMAT = "dwarf-with-dsym";
				ENABLE_NS_ASSERTIONS = NO;
				ENABLE_STRICT_OBJC_MSGSEND = YES;
				GCC_C_LANGUAGE_STANDARD = gnu11;
				GCC_NO_COMMON_BLOCKS = YES;
				GCC_WARN_64_TO_32_BIT_CONVERSION = YES;
				GCC_WARN_ABOUT_RETURN_TYPE = YES_ERROR;
				GCC_WARN_UNDECLARED_SELECTOR = YES;
				GCC_WARN_UNINITIALIZED_AUTOS = YES_AGGRESSIVE;
				GCC_WARN_UNUSED_FUNCTION = YES;
				GCC_WARN_UNUSED_VARIABLE = YES;
				IPHONEOS_DEPLOYMENT_TARGET = 13.2;
				MTL_ENABLE_DEBUG_INFO = NO;
				MTL_FAST_MATH = YES;
				SDKROOT = iphoneos;
				SWIFT_COMPILATION_MODE = wholemodule;
				SWIFT_OPTIMIZATION_LEVEL = "-O";
				VALIDATE_PRODUCT = YES;
			};
			name = Release;
		};
		286056D124EC76AB0031B607 /* Debug */ = {
			isa = XCBuildConfiguration;
			baseConfigurationReference = 9715EDF6CE1FCFE80C0DCFC6 /* Pods-Moneybox-Light.debug.xcconfig */;
			buildSettings = {
				ASSETCATALOG_COMPILER_APPICON_NAME = AppIcon;
				CODE_SIGN_STYLE = Automatic;
				DEVELOPMENT_TEAM = DN5JPNCL7L;
				INFOPLIST_FILE = "Moneybox-Light/Info.plist";
				IPHONEOS_DEPLOYMENT_TARGET = 11.0;
				LD_RUNPATH_SEARCH_PATHS = (
					"$(inherited)",
					"@executable_path/Frameworks",
				);
				PRODUCT_BUNDLE_IDENTIFIER = "Pete-Holdsworth.Moneybox-Light";
				PRODUCT_NAME = "$(TARGET_NAME)";
				SWIFT_VERSION = 5.0;
				TARGETED_DEVICE_FAMILY = 1;
			};
			name = Debug;
		};
		286056D224EC76AB0031B607 /* Release */ = {
			isa = XCBuildConfiguration;
			baseConfigurationReference = A41FA69A5BE077D47F914A0D /* Pods-Moneybox-Light.release.xcconfig */;
			buildSettings = {
				ASSETCATALOG_COMPILER_APPICON_NAME = AppIcon;
				CODE_SIGN_STYLE = Automatic;
				DEVELOPMENT_TEAM = DN5JPNCL7L;
				INFOPLIST_FILE = "Moneybox-Light/Info.plist";
				IPHONEOS_DEPLOYMENT_TARGET = 11.0;
				LD_RUNPATH_SEARCH_PATHS = (
					"$(inherited)",
					"@executable_path/Frameworks",
				);
				PRODUCT_BUNDLE_IDENTIFIER = "Pete-Holdsworth.Moneybox-Light";
				PRODUCT_NAME = "$(TARGET_NAME)";
				SWIFT_VERSION = 5.0;
				TARGETED_DEVICE_FAMILY = 1;
			};
			name = Release;
		};
		286056D424EC76AB0031B607 /* Debug */ = {
			isa = XCBuildConfiguration;
			baseConfigurationReference = 665D5E5C93E6F3F87026DB4C /* Pods-Moneybox-LightTests.debug.xcconfig */;
			buildSettings = {
				ALWAYS_EMBED_SWIFT_STANDARD_LIBRARIES = YES;
				BUNDLE_LOADER = "$(TEST_HOST)";
				CODE_SIGN_STYLE = Automatic;
				DEVELOPMENT_TEAM = DN5JPNCL7L;
				INFOPLIST_FILE = "Moneybox-LightTests/Info.plist";
				IPHONEOS_DEPLOYMENT_TARGET = 13.2;
				LD_RUNPATH_SEARCH_PATHS = (
					"$(inherited)",
					"@executable_path/Frameworks",
					"@loader_path/Frameworks",
				);
				PRODUCT_BUNDLE_IDENTIFIER = "Pete-Holdsworth.Moneybox-LightTests";
				PRODUCT_NAME = "$(TARGET_NAME)";
				SWIFT_VERSION = 5.0;
				TARGETED_DEVICE_FAMILY = "1,2";
				TEST_HOST = "$(BUILT_PRODUCTS_DIR)/Moneybox-Light.app/Moneybox-Light";
			};
			name = Debug;
		};
		286056D524EC76AB0031B607 /* Release */ = {
			isa = XCBuildConfiguration;
			baseConfigurationReference = B649BDF225FD98DAA91FB19A /* Pods-Moneybox-LightTests.release.xcconfig */;
			buildSettings = {
				ALWAYS_EMBED_SWIFT_STANDARD_LIBRARIES = YES;
				BUNDLE_LOADER = "$(TEST_HOST)";
				CODE_SIGN_STYLE = Automatic;
				DEVELOPMENT_TEAM = DN5JPNCL7L;
				INFOPLIST_FILE = "Moneybox-LightTests/Info.plist";
				IPHONEOS_DEPLOYMENT_TARGET = 13.2;
				LD_RUNPATH_SEARCH_PATHS = (
					"$(inherited)",
					"@executable_path/Frameworks",
					"@loader_path/Frameworks",
				);
				PRODUCT_BUNDLE_IDENTIFIER = "Pete-Holdsworth.Moneybox-LightTests";
				PRODUCT_NAME = "$(TARGET_NAME)";
				SWIFT_VERSION = 5.0;
				TARGETED_DEVICE_FAMILY = "1,2";
				TEST_HOST = "$(BUILT_PRODUCTS_DIR)/Moneybox-Light.app/Moneybox-Light";
			};
			name = Release;
		};
/* End XCBuildConfiguration section */

/* Begin XCConfigurationList section */
		286056AC24EC76AA0031B607 /* Build configuration list for PBXProject "Moneybox-Light" */ = {
			isa = XCConfigurationList;
			buildConfigurations = (
				286056CE24EC76AB0031B607 /* Debug */,
				286056CF24EC76AB0031B607 /* Release */,
			);
			defaultConfigurationIsVisible = 0;
			defaultConfigurationName = Release;
		};
		286056D024EC76AB0031B607 /* Build configuration list for PBXNativeTarget "Moneybox-Light" */ = {
			isa = XCConfigurationList;
			buildConfigurations = (
				286056D124EC76AB0031B607 /* Debug */,
				286056D224EC76AB0031B607 /* Release */,
			);
			defaultConfigurationIsVisible = 0;
			defaultConfigurationName = Release;
		};
		286056D324EC76AB0031B607 /* Build configuration list for PBXNativeTarget "Moneybox-LightTests" */ = {
			isa = XCConfigurationList;
			buildConfigurations = (
				286056D424EC76AB0031B607 /* Debug */,
				286056D524EC76AB0031B607 /* Release */,
			);
			defaultConfigurationIsVisible = 0;
			defaultConfigurationName = Release;
		};
/* End XCConfigurationList section */
	};
	rootObject = 286056A924EC76AA0031B607 /* Project object */;
}
